
Microsoft Visual Studio Solution File, Format Version 12.00
# Visual Studio Version 16
VisualStudioVersion = 16.0.30907.101
MinimumVisualStudioVersion = 10.0.40219.1
Project("{888888A0-9F3D-457C-B088-3A5042F75D52}") = "Reworld Script Extractor", "Reworld Script Extractor.pyproj", "{BC8B6472-3C25-4733-A1E5-31BCD319B694}"
EndProject
Global
	GlobalSection(SolutionConfigurationPlatforms) = preSolution
		Debug|Any CPU = Debug|Any CPU
		Release|Any CPU = Release|Any CPU
	EndGlobalSection
	GlobalSection(ProjectConfigurationPlatforms) = postSolution
		{BC8B6472-3C25-4733-A1E5-31BCD319B694}.Debug|Any CPU.ActiveCfg = Debug|Any CPU
		{BC8B6472-3C25-4733-A1E5-31BCD319B694}.Release|Any CPU.ActiveCfg = Release|Any CPU
	EndGlobalSection
	GlobalSection(SolutionProperties) = preSolution
		HideSolutionNode = FALSE
	EndGlobalSection
	GlobalSection(ExtensibilityGlobals) = postSolution
		SolutionGuid = {1E091D4C-F34F-41FE-987B-282B12FBC524}
	EndGlobalSection
EndGlobal
